Microsoft Visual Studio Solution File, Format Version 11.00
# Visual Studio 2008

Project("{D9BADECD-6237-2438-FBC1-955C5A3C7D06}") = "TechnoHabitatEcoVisite", "Assembly-CSharp-firstpass.csproj", "{2774A8EA-FBFA-05B6-AFB1-67D25229ACC9}"
EndProject
Project("{D9BADECD-6237-2438-FBC1-955C5A3C7D06}") = "TechnoHabitatEcoVisite", "Assembly-CSharp.csproj", "{62A37219-944F-71F3-0833-DD91DB6C7341}"
EndProject
Project("{D9BADECD-6237-2438-FBC1-955C5A3C7D06}") = "TechnoHabitatEcoVisite", "Assembly-CSharp-Editor.csproj", "{7CFF6D95-BF21-0FC1-D887-0FCD6CEB1C40}"
EndProject
Global
	GlobalSection(SolutionConfigurationPlatforms) = preSolution
		Debug|Any CPU = Debug|Any CPU
		Release|Any CPU = Release|Any CPU
	EndGlobalSection
	GlobalSection(ProjectConfigurationPlatforms) = postSolution
		{2774A8EA-FBFA-05B6-AFB1-67D25229ACC9}.Debug|Any CPU.ActiveCfg = Debug|Any CPU
		{2774A8EA-FBFA-05B6-AFB1-67D25229ACC9}.Debug|Any CPU.Build.0 = Debug|Any CPU
		{2774A8EA-FBFA-05B6-AFB1-67D25229ACC9}.Release|Any CPU.ActiveCfg = Release|Any CPU
		{2774A8EA-FBFA-05B6-AFB1-67D25229ACC9}.Release|Any CPU.Build.0 = Release|Any CPU
		{62A37219-944F-71F3-0833-DD91DB6C7341}.Debug|Any CPU.ActiveCfg = Debug|Any CPU
		{62A37219-944F-71F3-0833-DD91DB6C7341}.Debug|Any CPU.Build.0 = Debug|Any CPU
		{62A37219-944F-71F3-0833-DD91DB6C7341}.Release|Any CPU.ActiveCfg = Release|Any CPU
		{62A37219-944F-71F3-0833-DD91DB6C7341}.Release|Any CPU.Build.0 = Release|Any CPU
		{7CFF6D95-BF21-0FC1-D887-0FCD6CEB1C40}.Debug|Any CPU.ActiveCfg = Debug|Any CPU
		{7CFF6D95-BF21-0FC1-D887-0FCD6CEB1C40}.Debug|Any CPU.Build.0 = Debug|Any CPU
		{7CFF6D95-BF21-0FC1-D887-0FCD6CEB1C40}.Release|Any CPU.ActiveCfg = Release|Any CPU
		{7CFF6D95-BF21-0FC1-D887-0FCD6CEB1C40}.Release|Any CPU.Build.0 = Release|Any CPU
	EndGlobalSection
	GlobalSection(SolutionProperties) = preSolution
		HideSolutionNode = FALSE
	EndGlobalSection
	GlobalSection(MonoDevelopProperties) = preSolution
		StartupItem = Assembly-CSharp.csproj
	EndGlobalSection
EndGlobal
